<?xml version="1.0" encoding="utf-8"?>
<Project ToolsVersion="4.0" xmlns="http://schemas.microsoft.com/developer/msbuild/2003">
  <ItemGroup>
    <Filter Include="Archivos de origen">
      <UniqueIdentifier>{4FC737F1-C7A5-4376-A066-2A32D752A2FF}</UniqueIdentifier>
      <Extensions>cpp;c;cc;cxx;c++;cppm;ixx;def;odl;idl;hpj;bat;asm;asmx</Extensions>
    </Filter>
    <Filter Include="Archivos de encabezado">
      <UniqueIdentifier>{93995380-89BD-4b04-88EB-625FBE52EBFB}</UniqueIdentifier>
      <Extensions>h;hh;hpp;hxx;h++;hm;inl;inc;ipp;xsd</Extensions>
    </Filter>
    <Filter Include="Archivos de recursos">
      <UniqueIdentifier>{67DA6AB6-F800-4c08-8B7A-83BB121AAD01}</UniqueIdentifier>
      <Extensions>rc;ico;cur;bmp;dlg;rc2;rct;bin;rgs;gif;jpg;jpeg;jpe;resx;tiff;tif;png;wav;mfcribbon-ms</Extensions>
    </Filter>
    <Filter Include="Archivos de origen\Modelos3D">
      <UniqueIdentifier>{6a67206d-6b39-410b-9e6f-356b66c4f4c6}</UniqueIdentifier>
    </Filter>
    <Filter Include="Archivos de origen\Elementos Base">
      <UniqueIdentifier>{09276021-d590-4c83-a35a-5a33f5c45c9f}</UniqueIdentifier>
    </Filter>
    <Filter Include="Archivos de origen\Ni idea de como van">
      <UniqueIdentifier>{5e230f48-139f-4a0a-8432-fa2101af569a}</UniqueIdentifier>
    </Filter>
    <Filter Include="Archivos de origen\Importantes">
      <UniqueIdentifier>{64347e86-40e5-473a-a2dd-efee2969dabf}</UniqueIdentifier>
    </Filter>
    <Filter Include="Archivos de encabezado\Modelos3D">
      <UniqueIdentifier>{8882b97c-07c9-494d-8158-480b8115d7f1}</UniqueIdentifier>
    </Filter>
    <Filter Include="Archivos de encabezado\ElementosBase">
      <UniqueIdentifier>{bafa105d-b8df-438d-a2bb-7d7f98230bdc}</UniqueIdentifier>
    </Filter>
    <Filter Include="Archivos de encabezado\Importantes">
      <UniqueIdentifier>{98ca92c5-2cc6-43b3-ae83-baf31a2d0f6c}</UniqueIdentifier>
    </Filter>
    <Filter Include="Archivos de encabezado\Ni idea de como van">
      <UniqueIdentifier>{352abcea-725c-4594-9cec-c68a24293f8a}</UniqueIdentifier>
    </Filter>
    <Filter Include="Archivos de encabezado\Cosas del Juego">
      <UniqueIdentifier>{d820fad0-3286-451d-a1c8-7028e2db1361}</UniqueIdentifier>
    </Filter>
    <Filter Include="Archivos de origen\Cosas del juego">
      <UniqueIdentifier>{582e61c4-2966-41de-af71-776391aae92c}</UniqueIdentifier>
    </Filter>
    <Filter Include="Archivos de origen\Importantes\camaras">
      <UniqueIdentifier>{54bd61b5-0e0b-4ccb-99fb-860ae2b8ed57}</UniqueIdentifier>
    </Filter>
    <Filter Include="Archivos de encabezado\ElementosBase\Vectorers">
      <UniqueIdentifier>{d9fc6c56-cc65-432d-adb3-842fef77ad11}</UniqueIdentifier>
    </Filter>
    <Filter Include="Archivos de origen\Cosas colisiones">
      <UniqueIdentifier>{13666bae-f622-460e-b734-686c388ef79b}</UniqueIdentifier>
    </Filter>
    <Filter Include="Archivos de origen\Cosas colisiones\Planos">
      <UniqueIdentifier>{74d20765-17b0-49a7-80a1-a415892278f1}</UniqueIdentifier>
    </Filter>
  </ItemGroup>
  <ItemGroup>
    <ClCompile Include="Teapot.cpp">
      <Filter>Archivos de origen\Modelos3D</Filter>
    </ClCompile>
    <ClCompile Include="Sphere.cpp">
      <Filter>Archivos de origen\Modelos3D</Filter>
    </ClCompile>
    <ClCompile Include="CuboId.cpp">
      <Filter>Archivos de origen\Modelos3D</Filter>
    </ClCompile>
    <ClCompile Include="Solid.cpp">
      <Filter>Archivos de origen\Elementos Base</Filter>
    </ClCompile>
    <ClCompile Include="Vector3D.cpp">
      <Filter>Archivos de origen\Elementos Base</Filter>
    </ClCompile>
    <ClCompile Include="Color.cpp">
      <Filter>Archivos de origen\Elementos Base</Filter>
    </ClCompile>
    <ClCompile Include="Model.cpp">
      <Filter>Archivos de origen\Ni idea de como van</Filter>
    </ClCompile>
    <ClCompile Include="ModelLoader.cpp">
      <Filter>Archivos de origen\Ni idea de como van</Filter>
    </ClCompile>
    <ClCompile Include="Triangle.cpp">
      <Filter>Archivos de origen\Ni idea de como van</Filter>
    </ClCompile>
    <ClCompile Include="Scene.cpp">
      <Filter>Archivos de origen\Importantes</Filter>
    </ClCompile>
    <ClCompile Include="Game.cpp">
      <Filter>Archivos de origen\Importantes</Filter>
    </ClCompile>
    <ClCompile Include="practica1_pa.cpp">
      <Filter>Archivos de origen\Importantes</Filter>
    </ClCompile>
    <ClCompile Include="Text.cpp">
      <Filter>Archivos de origen\Ni idea de como van</Filter>
    </ClCompile>
    <ClCompile Include="Tarta.cpp">
      <Filter>Archivos de origen\Modelos3D</Filter>
    </ClCompile>
    <ClCompile Include="Arma.cpp">
      <Filter>Archivos de origen\Cosas del juego</Filter>
    </ClCompile>
    <ClCompile Include="Mira.cpp">
      <Filter>Archivos de origen\Cosas del juego</Filter>
    </ClCompile>
    <ClCompile Include="Proyectil.cpp">
      <Filter>Archivos de origen\Cosas del juego</Filter>
    </ClCompile>
    <ClCompile Include="ProyectilArea.cpp">
      <Filter>Archivos de origen\Cosas del juego</Filter>
    </ClCompile>
    <ClCompile Include="Camera.cpp">
      <Filter>Archivos de origen\Importantes\camaras</Filter>
    </ClCompile>
    <ClCompile Include="camera_fps.cpp">
      <Filter>Archivos de origen\Importantes\camaras</Filter>
    </ClCompile>
    <ClCompile Include="FinalBoss.cpp">
      <Filter>Archivos de origen\Ni idea de como van</Filter>
    </ClCompile>
    <ClCompile Include="Jugador.cpp">
      <Filter>Archivos de origen\Ni idea de como van</Filter>
    </ClCompile>
    <ClCompile Include="Mercader.cpp">
      <Filter>Archivos de origen\Ni idea de como van</Filter>
    </ClCompile>
    <ClCompile Include="contorno.cpp">
      <Filter>Archivos de origen\Cosas colisiones</Filter>
    </ClCompile>
    <ClCompile Include="plano.cpp">
      <Filter>Archivos de origen\Cosas colisiones\Planos</Filter>
    </ClCompile>
    <ClCompile Include="planoX.cpp">
      <Filter>Archivos de origen\Cosas colisiones\Planos</Filter>
    </ClCompile>
    <ClCompile Include="planoY.cpp">
      <Filter>Archivos de origen\Cosas colisiones\Planos</Filter>
    </ClCompile>
    <ClCompile Include="planoZ.cpp">
      <Filter>Archivos de origen\Cosas colisiones\Planos</Filter>
    </ClCompile>
    <ClCompile Include="model2.cpp">
      <Filter>Archivos de origen\Cosas colisiones</Filter>
    </ClCompile>
    <ClCompile Include="Triangulo.cpp">
      <Filter>Archivos de origen\Cosas colisiones</Filter>
    </ClCompile>
    <ClCompile Include="CuboColision.cpp">
      <Filter>Archivos de origen\Cosas colisiones</Filter>
    </ClCompile>
    <ClCompile Include="EsferaColision.cpp">
      <Filter>Archivos de origen\Cosas colisiones</Filter>
    </ClCompile>
    <ClCompile Include="SceneUpdate.cpp">
      <Filter>Archivos de origen\Importantes</Filter>
    </ClCompile>
  </ItemGroup>
  <ItemGroup>
    <None Include="packages.config" />
  </ItemGroup>
  <ItemGroup>
    <ClInclude Include="Color.h">
      <Filter>Archivos de encabezado\ElementosBase</Filter>
    </ClInclude>
    <ClInclude Include="Camera.h">
      <Filter>Archivos de encabezado\Importantes</Filter>
    </ClInclude>
    <ClInclude Include="Solid.h">
      <Filter>Archivos de encabezado\ElementosBase</Filter>
    </ClInclude>
    <ClInclude Include="Game.h">
      <Filter>Archivos de encabezado\Importantes</Filter>
    </ClInclude>
    <ClInclude Include="Scene.h">
      <Filter>Archivos de encabezado\Importantes</Filter>
    </ClInclude>
    <ClInclude Include="ModelLoader.h">
      <Filter>Archivos de encabezado\Ni idea de como van</Filter>
    </ClInclude>
    <ClInclude Include="Model.h">
      <Filter>Archivos de encabezado\Ni idea de como van</Filter>
    </ClInclude>
    <ClInclude Include="CuboId.h">
      <Filter>Archivos de encabezado\Modelos3D</Filter>
    </ClInclude>
    <ClInclude Include="Sphere.h">
      <Filter>Archivos de encabezado\Modelos3D</Filter>
    </ClInclude>
    <ClInclude Include="Teapot.h">
      <Filter>Archivos de encabezado\Modelos3D</Filter>
    </ClInclude>
    <ClInclude Include="Triangle.h">
      <Filter>Archivos de encabezado\Modelos3D</Filter>
    </ClInclude>
    <ClInclude Include="Text.h">
      <Filter>Archivos de encabezado\Ni idea de como van</Filter>
    </ClInclude>
    <ClInclude Include="Tarta.h">
      <Filter>Archivos de encabezado\Modelos3D</Filter>
    </ClInclude>
    <ClInclude Include="Arma.h">
      <Filter>Archivos de encabezado\Cosas del Juego</Filter>
    </ClInclude>
    <ClInclude Include="Mira.h">
      <Filter>Archivos de encabezado\Cosas del Juego</Filter>
    </ClInclude>
    <ClInclude Include="Proyectil.h">
      <Filter>Archivos de encabezado\Cosas del Juego</Filter>
    </ClInclude>
    <ClInclude Include="ProyectilArea.h">
      <Filter>Archivos de encabezado\Cosas del Juego</Filter>
    </ClInclude>
    <ClInclude Include="camera_fps.h">
      <Filter>Archivos de encabezado\Importantes</Filter>
    </ClInclude>
    <ClInclude Include="Jugador.h">
      <Filter>Archivos de encabezado\Ni idea de como van</Filter>
    </ClInclude>
    <ClInclude Include="FinalBoss.h">
      <Filter>Archivos de encabezado\Ni idea de como van</Filter>
    </ClInclude>
    <ClInclude Include="Vector3Dd.h">
      <Filter>Archivos de encabezado\ElementosBase\Vectorers</Filter>
    </ClInclude>
    <ClInclude Include="Vector3Df.h">
      <Filter>Archivos de encabezado\ElementosBase\Vectorers</Filter>
    </ClInclude>
    <ClInclude Include="Vector3Di.h">
      <Filter>Archivos de encabezado\ElementosBase\Vectorers</Filter>
    </ClInclude>
    <ClInclude Include="Vector3D.h">
      <Filter>Archivos de encabezado\ElementosBase\Vectorers</Filter>
    </ClInclude>
    <ClInclude Include="Mercader.h">
      <Filter>Archivos de encabezado\Ni idea de como van</Filter>
    </ClInclude>
    <ClInclude Include="contorno.h">
      <Filter>Archivos de origen\Cosas colisiones</Filter>
    </ClInclude>
    <ClInclude Include="plano.h">
      <Filter>Archivos de origen\Cosas colisiones\Planos</Filter>
    </ClInclude>
    <ClInclude Include="planoX.h">
      <Filter>Archivos de origen\Cosas colisiones\Planos</Filter>
    </ClInclude>
    <ClInclude Include="planoY.h">
      <Filter>Archivos de origen\Cosas colisiones\Planos</Filter>
    </ClInclude>
    <ClInclude Include="planoZ.h">
      <Filter>Archivos de origen\Cosas colisiones\Planos</Filter>
    </ClInclude>
    <ClInclude Include="model2.h">
      <Filter>Archivos de origen\Cosas colisiones</Filter>
    </ClInclude>
    <ClInclude Include="Triangulo.h">
      <Filter>Archivos de origen\Cosas colisiones</Filter>
    </ClInclude>
    <ClInclude Include="CuboColision.h">
      <Filter>Archivos de origen\Cosas colisiones</Filter>
    </ClInclude>
    <ClInclude Include="EsferaColision.h">
      <Filter>Archivos de origen\Cosas colisiones</Filter>
    </ClInclude>
    <ClInclude Include="SceneUpdate.h">
      <Filter>Archivos de encabezado\Importantes</Filter>
    </ClInclude>
  </ItemGroup>
</Project>